
Microsoft Visual Studio Solution File, Format Version 12.00
# Visual Studio Version 16
VisualStudioVersion = 16.0.30717.126
MinimumVisualStudioVersion = 10.0.40219.1
Project("{FAE04EC0-301F-11D3-BF4B-00C04F79EFBC}") = "Jack3", "Jack3\Jack3.csproj", "{FEB830AE-35B5-4C90-B5CE-EE48E8D8C9BD}"
EndProject
Global
	GlobalSection(SolutionConfigurationPlatforms) = preSolution
		Debug|Any CPU = Debug|Any CPU
		Release|Any CPU = Release|Any CPU
	EndGlobalSection
	GlobalSection(ProjectConfigurationPlatforms) = postSolution
		{FEB830AE-35B5-4C90-B5CE-EE48E8D8C9BD}.Debug|Any CPU.ActiveCfg = Debug|Any CPU
		{FEB830AE-35B5-4C90-B5CE-EE48E8D8C9BD}.Debug|Any CPU.Build.0 = Debug|Any CPU
		{FEB830AE-35B5-4C90-B5CE-EE48E8D8C9BD}.Release|Any CPU.ActiveCfg = Release|Any CPU
		{FEB830AE-35B5-4C90-B5CE-EE48E8D8C9BD}.Release|Any CPU.Build.0 = Release|Any CPU
	EndGlobalSection
	GlobalSection(SolutionProperties) = preSolution
		HideSolutionNode = FALSE
	EndGlobalSection
	GlobalSection(ExtensibilityGlobals) = postSolution
		SolutionGuid = {D4D337A5-74C5-4205-90F0-1702832DC33B}
	EndGlobalSection
EndGlobal
